
Microsoft Visual Studio Solution File, Format Version 12.00
# Visual Studio Version 17
VisualStudioVersion = 17.9.34616.47
MinimumVisualStudioVersion = 10.0.40219.1
Project("{FAE04EC0-301F-11D3-BF4B-00C04F79EFBC}") = "JwtSignFinal", "JwtSignFinal\JwtSignFinal.csproj", "{BCF0058A-311F-4D0F-9804-F48BAA9AEADB}"
EndProject
Global
	GlobalSection(SolutionConfigurationPlatforms) = preSolution
		Debug|Any CPU = Debug|Any CPU
		Release|Any CPU = Release|Any CPU
	EndGlobalSection
	GlobalSection(ProjectConfigurationPlatforms) = postSolution
		{BCF0058A-311F-4D0F-9804-F48BAA9AEADB}.Debug|Any CPU.ActiveCfg = Debug|Any CPU
		{BCF0058A-311F-4D0F-9804-F48BAA9AEADB}.Debug|Any CPU.Build.0 = Debug|Any CPU
		{BCF0058A-311F-4D0F-9804-F48BAA9AEADB}.Release|Any CPU.ActiveCfg = Release|Any CPU
		{BCF0058A-311F-4D0F-9804-F48BAA9AEADB}.Release|Any CPU.Build.0 = Release|Any CPU
	EndGlobalSection
	GlobalSection(SolutionProperties) = preSolution
		HideSolutionNode = FALSE
	EndGlobalSection
	GlobalSection(ExtensibilityGlobals) = postSolution
		SolutionGuid = {3CCFDF59-E139-47E7-B6AE-12820C4F8ADE}
	EndGlobalSection
EndGlobal
